
Microsoft Visual Studio Solution File, Format Version 12.00
# Visual Studio 15
VisualStudioVersion = 15.0.28010.2003
MinimumVisualStudioVersion = 10.0.40219.1
Project("{8BC9CEB8-8B4A-11D0-8D11-00A0C91BC942}") = "Project2", "Project2\Project2.vcxproj", "{B3948F2D-D6F3-4B1E-ADF3-863A6A871FFD}"
EndProject
Global
	GlobalSection(SolutionConfigurationPlatforms) = preSolution
		Debug|x64 = Debug|x64
		Debug|x86 = Debug|x86
		Release|x64 = Release|x64
		Release|x86 = Release|x86
	EndGlobalSection
	GlobalSection(ProjectConfigurationPlatforms) = postSolution
		{B3948F2D-D6F3-4B1E-ADF3-863A6A871FFD}.Debug|x64.ActiveCfg = Debug|x64
		{B3948F2D-D6F3-4B1E-ADF3-863A6A871FFD}.Debug|x64.Build.0 = Debug|x64
		{B3948F2D-D6F3-4B1E-ADF3-863A6A871FFD}.Debug|x86.ActiveCfg = Debug|Win32
		{B3948F2D-D6F3-4B1E-ADF3-863A6A871FFD}.Debug|x86.Build.0 = Debug|Win32
		{B3948F2D-D6F3-4B1E-ADF3-863A6A871FFD}.Release|x64.ActiveCfg = Release|x64
		{B3948F2D-D6F3-4B1E-ADF3-863A6A871FFD}.Release|x64.Build.0 = Release|x64
		{B3948F2D-D6F3-4B1E-ADF3-863A6A871FFD}.Release|x86.ActiveCfg = Release|Win32
		{B3948F2D-D6F3-4B1E-ADF3-863A6A871FFD}.Release|x86.Build.0 = Release|Win32
	EndGlobalSection
	GlobalSection(SolutionProperties) = preSolution
		HideSolutionNode = FALSE
	EndGlobalSection
	GlobalSection(ExtensibilityGlobals) = postSolution
		SolutionGuid = {7FDD25A8-C845-496C-9163-B07EDA20426E}
	EndGlobalSection
EndGlobal
